{
  "name": "codes",
  "version": "1.0.0",
  "lockfileVersion": 1,
  "requires": true,
  "dependencies": {
    "async": {
      "version": "2.1.4",
      "resolved": "http://registry.fe.yeshj.com/async/download/async-2.1.4.tgz",
      "integrity": "sha1-LSFgx3iAMuTdbL4lAvH5osj2zeQ=",
      "requires": {
        "lodash": "4.17.5"
      }
    },
    "bluebird": {
      "version": "3.5.0",
      "resolved": "http://registry.fe.yeshj.com/bluebird/download/bluebird-3.5.0.tgz",
      "integrity": "sha1-eRQg1/VR7qKJdFOop3ZT+WYG1nw="
    },
    "bson": {
      "version": "1.0.6",
      "resolved": "http://registry.fe.yeshj.com/bson/download/bson-1.0.6.tgz",
      "integrity": "sha1-RE21nd1MJPDLBjqr3FyMewzsqRI="
    },
    "debug": {
      "version": "2.6.9",
      "resolved": "http://registry.fe.yeshj.com/debug/download/debug-2.6.9.tgz",
      "integrity": "sha1-XRKFFd8TT/Mn6QpMk/Tgd6U2NB8=",
      "requires": {
        "ms": "2.0.0"
      }
    },
    "kareem": {
      "version": "2.0.6",
      "resolved": "http://registry.fe.yeshj.com/kareem/download/kareem-2.0.6.tgz",
      "integrity": "sha1-AR7Vn9cYuxR8YxQaeZ/IiM1aIRs="
    },
    "lodash": {
      "version": "4.17.5",
      "resolved": "http://registry.fe.yeshj.com/lodash/download/lodash-4.17.5.tgz",
      "integrity": "sha1-maktZcAnLevoyWtgV7yPv6O+1RE="
    },
    "lodash.get": {
      "version": "4.4.2",
      "resolved": "http://registry.fe.yeshj.com/lodash.get/download/lodash.get-4.4.2.tgz",
      "integrity": "sha1-LRd/ZS+jHpObRDjVNBSZ36OCXpk="
    },
    "mongodb": {
      "version": "3.0.4",
      "resolved": "http://registry.fe.yeshj.com/mongodb/download/mongodb-3.0.4.tgz",
      "integrity": "sha1-7gwPe8Vl7cX0DuLSMXDlIqitIoY=",
      "requires": {
        "mongodb-core": "3.0.4"
      }
    },
    "mongodb-core": {
      "version": "3.0.4",
      "resolved": "http://registry.fe.yeshj.com/mongodb-core/download/mongodb-core-3.0.4.tgz",
      "integrity": "sha1-o/30ZuaXovHfh+RY5eLfHCbMZUs=",
      "requires": {
        "bson": "1.0.6",
        "require_optional": "1.0.1"
      }
    },
    "mongoose": {
      "version": "5.0.13",
      "resolved": "http://registry.fe.yeshj.com/mongoose/download/mongoose-5.0.13.tgz",
      "integrity": "sha1-B8HOns+cdYk5iRtfGA9EjtpE8R0=",
      "requires": {
        "async": "2.1.4",
        "bson": "1.0.6",
        "kareem": "2.0.6",
        "lodash.get": "4.4.2",
        "mongodb": "3.0.4",
        "mongoose-legacy-pluralize": "1.0.2",
        "mpath": "0.3.0",
        "mquery": "3.0.0",
        "ms": "2.0.0",
        "regexp-clone": "0.0.1",
        "sliced": "1.0.1"
      }
    },
    "mongoose-legacy-pluralize": {
      "version": "1.0.2",
      "resolved": "http://registry.fe.yeshj.com/mongoose-legacy-pluralize/download/mongoose-legacy-pluralize-1.0.2.tgz",
      "integrity": "sha1-O6n5H6UHtRhtOZ+0CFS/8Y+1Y+Q="
    },
    "mpath": {
      "version": "0.3.0",
      "resolved": "http://registry.fe.yeshj.com/mpath/download/mpath-0.3.0.tgz",
      "integrity": "sha1-elj3iem1/TyUUgY0FXlg8mvV70Q="
    },
    "mquery": {
      "version": "3.0.0",
      "resolved": "http://registry.fe.yeshj.com/mquery/download/mquery-3.0.0.tgz",
      "integrity": "sha1-5fOH26vAubaYWeVQ6BD6q+DOq7A=",
      "requires": {
        "bluebird": "3.5.0",
        "debug": "2.6.9",
        "regexp-clone": "0.0.1",
        "sliced": "0.0.5"
      },
      "dependencies": {
        "sliced": {
          "version": "0.0.5",
          "resolved": "http://registry.fe.yeshj.com/sliced/download/sliced-0.0.5.tgz",
          "integrity": "sha1-XtwETKTrb3gW1Qui/GPiXY/kcH8="
        }
      }
    },
    "ms": {
      "version": "2.0.0",
      "resolved": "http://registry.fe.yeshj.com/ms/download/ms-2.0.0.tgz",
      "integrity": "sha1-VgiurfwAvmwpAd9fmGF4jeDVl8g="
    },
    "regexp-clone": {
      "version": "0.0.1",
      "resolved": "http://registry.fe.yeshj.com/regexp-clone/download/regexp-clone-0.0.1.tgz",
      "integrity": "sha1-p8LgmJH9vzj7sQ03b7cwA+aKxYk="
    },
    "require_optional": {
      "version": "1.0.1",
      "resolved": "http://registry.fe.yeshj.com/require_optional/download/require_optional-1.0.1.tgz",
      "integrity": "sha1-TPNaQkf2TKPfjC7yCMxJSxyo/C4=",
      "requires": {
        "resolve-from": "2.0.0",
        "semver": "5.5.0"
      }
    },
    "resolve-from": {
      "version": "2.0.0",
      "resolved": "http://registry.fe.yeshj.com/resolve-from/download/resolve-from-2.0.0.tgz",
      "integrity": "sha1-lICrIOlP+h2egKgEx+oUdhGWa1c="
    },
    "semver": {
      "version": "5.5.0",
      "resolved": "http://registry.fe.yeshj.com/semver/download/semver-5.5.0.tgz",
      "integrity": "sha1-3Eu8emyp2Rbe5dQ1FvAJK1j3uKs="
    },
    "sliced": {
      "version": "1.0.1",
      "resolved": "http://registry.fe.yeshj.com/sliced/download/sliced-1.0.1.tgz",
      "integrity": "sha1-CzpmK10Ewxd7GSa+qCsD+Dei70E="
    }
  }
}
